
Microsoft Visual Studio Solution File, Format Version 12.00
# Visual Studio Version 17
VisualStudioVersion = 17.6.33829.357
MinimumVisualStudioVersion = 10.0.40219.1
Project("{2150E333-8FDC-42A3-9474-1A3956D46DE8}") = "AOC 2022", "AOC 2022", "{9E9FA853-F0D9-42D7-9353-05016A058E6D}"
EndProject
Project("{FAE04EC0-301F-11D3-BF4B-00C04F79EFBC}") = "Day 02", "AOC 2022\Day 02\Day 02.csproj", "{9F1BDC63-1ACF-4C85-8771-998D50C27ECC}"
EndProject
Project("{FAE04EC0-301F-11D3-BF4B-00C04F79EFBC}") = "Day 01", "AOC 2022\Day 01\Day 01.csproj", "{388D332B-FE43-4B2B-A57B-4441917A39E3}"
EndProject
Project("{FAE04EC0-301F-11D3-BF4B-00C04F79EFBC}") = "Day 03", "AOC 2022\Day 03\Day 03.csproj", "{24E1C734-E022-4B27-A4CD-D83E7A7AF5B1}"
EndProject
Project("{FAE04EC0-301F-11D3-BF4B-00C04F79EFBC}") = "Day 04", "AOC 2022\Day 04\Day 04.csproj", "{8FDAA055-FA4F-4D5B-9C6A-4F000C4F0862}"
EndProject
Project("{FAE04EC0-301F-11D3-BF4B-00C04F79EFBC}") = "Day 05", "AOC 2022\Day 05\Day 05.csproj", "{B4149290-22B3-45A7-AA7F-0D7F41F1B839}"
EndProject
Global
	GlobalSection(SolutionConfigurationPlatforms) = preSolution
		Debug|Any CPU = Debug|Any CPU
		Release|Any CPU = Release|Any CPU
	EndGlobalSection
	GlobalSection(ProjectConfigurationPlatforms) = postSolution
		{9F1BDC63-1ACF-4C85-8771-998D50C27ECC}.Debug|Any CPU.ActiveCfg = Debug|Any CPU
		{9F1BDC63-1ACF-4C85-8771-998D50C27ECC}.Debug|Any CPU.Build.0 = Debug|Any CPU
		{9F1BDC63-1ACF-4C85-8771-998D50C27ECC}.Release|Any CPU.ActiveCfg = Release|Any CPU
		{9F1BDC63-1ACF-4C85-8771-998D50C27ECC}.Release|Any CPU.Build.0 = Release|Any CPU
		{388D332B-FE43-4B2B-A57B-4441917A39E3}.Debug|Any CPU.ActiveCfg = Debug|Any CPU
		{388D332B-FE43-4B2B-A57B-4441917A39E3}.Debug|Any CPU.Build.0 = Debug|Any CPU
		{388D332B-FE43-4B2B-A57B-4441917A39E3}.Release|Any CPU.ActiveCfg = Release|Any CPU
		{388D332B-FE43-4B2B-A57B-4441917A39E3}.Release|Any CPU.Build.0 = Release|Any CPU
		{24E1C734-E022-4B27-A4CD-D83E7A7AF5B1}.Debug|Any CPU.ActiveCfg = Debug|Any CPU
		{24E1C734-E022-4B27-A4CD-D83E7A7AF5B1}.Debug|Any CPU.Build.0 = Debug|Any CPU
		{24E1C734-E022-4B27-A4CD-D83E7A7AF5B1}.Release|Any CPU.ActiveCfg = Release|Any CPU
		{24E1C734-E022-4B27-A4CD-D83E7A7AF5B1}.Release|Any CPU.Build.0 = Release|Any CPU
		{8FDAA055-FA4F-4D5B-9C6A-4F000C4F0862}.Debug|Any CPU.ActiveCfg = Debug|Any CPU
		{8FDAA055-FA4F-4D5B-9C6A-4F000C4F0862}.Debug|Any CPU.Build.0 = Debug|Any CPU
		{8FDAA055-FA4F-4D5B-9C6A-4F000C4F0862}.Release|Any CPU.ActiveCfg = Release|Any CPU
		{8FDAA055-FA4F-4D5B-9C6A-4F000C4F0862}.Release|Any CPU.Build.0 = Release|Any CPU
		{B4149290-22B3-45A7-AA7F-0D7F41F1B839}.Debug|Any CPU.ActiveCfg = Debug|Any CPU
		{B4149290-22B3-45A7-AA7F-0D7F41F1B839}.Debug|Any CPU.Build.0 = Debug|Any CPU
		{B4149290-22B3-45A7-AA7F-0D7F41F1B839}.Release|Any CPU.ActiveCfg = Release|Any CPU
		{B4149290-22B3-45A7-AA7F-0D7F41F1B839}.Release|Any CPU.Build.0 = Release|Any CPU
	EndGlobalSection
	GlobalSection(SolutionProperties) = preSolution
		HideSolutionNode = FALSE
	EndGlobalSection
	GlobalSection(NestedProjects) = preSolution
		{9F1BDC63-1ACF-4C85-8771-998D50C27ECC} = {9E9FA853-F0D9-42D7-9353-05016A058E6D}
		{388D332B-FE43-4B2B-A57B-4441917A39E3} = {9E9FA853-F0D9-42D7-9353-05016A058E6D}
		{24E1C734-E022-4B27-A4CD-D83E7A7AF5B1} = {9E9FA853-F0D9-42D7-9353-05016A058E6D}
		{8FDAA055-FA4F-4D5B-9C6A-4F000C4F0862} = {9E9FA853-F0D9-42D7-9353-05016A058E6D}
		{B4149290-22B3-45A7-AA7F-0D7F41F1B839} = {9E9FA853-F0D9-42D7-9353-05016A058E6D}
	EndGlobalSection
	GlobalSection(ExtensibilityGlobals) = postSolution
		SolutionGuid = {8ECD07C9-37F4-4D5D-8641-A43E0CB6B617}
	EndGlobalSection
EndGlobal
