
Microsoft Visual Studio Solution File, Format Version 12.00
# Visual Studio Version 17
VisualStudioVersion = 17.6.33829.357
MinimumVisualStudioVersion = 10.0.40219.1
Project("{FAE04EC0-301F-11D3-BF4B-00C04F79EFBC}") = "AOC 2022", "AOC 2022\AOC 2022.csproj", "{9451A5C6-DD39-45F3-8A5B-6CA632561549}"
EndProject
Global
	GlobalSection(SolutionConfigurationPlatforms) = preSolution
		Debug|Any CPU = Debug|Any CPU
		Release|Any CPU = Release|Any CPU
	EndGlobalSection
	GlobalSection(ProjectConfigurationPlatforms) = postSolution
		{9451A5C6-DD39-45F3-8A5B-6CA632561549}.Debug|Any CPU.ActiveCfg = Debug|Any CPU
		{9451A5C6-DD39-45F3-8A5B-6CA632561549}.Debug|Any CPU.Build.0 = Debug|Any CPU
		{9451A5C6-DD39-45F3-8A5B-6CA632561549}.Release|Any CPU.ActiveCfg = Release|Any CPU
		{9451A5C6-DD39-45F3-8A5B-6CA632561549}.Release|Any CPU.Build.0 = Release|Any CPU
	EndGlobalSection
	GlobalSection(SolutionProperties) = preSolution
		HideSolutionNode = FALSE
	EndGlobalSection
	GlobalSection(ExtensibilityGlobals) = postSolution
		SolutionGuid = {8ECD07C9-37F4-4D5D-8641-A43E0CB6B617}
	EndGlobalSection
EndGlobal
